
Microsoft Visual Studio Solution File, Format Version 12.00
# Visual Studio Version 17
VisualStudioVersion = 17.5.002.0
MinimumVisualStudioVersion = 10.0.40219.1
Project("{9A19103F-16F7-4668-BE54-9A1E7A4F7556}") = "TextEditor", "TextEditor.csproj", "{CE4E4BCD-2CCD-412B-B199-DEDC3AA4CDDA}"
EndProject
Global
	GlobalSection(SolutionConfigurationPlatforms) = preSolution
		Debug|Any CPU = Debug|Any CPU
		Release|Any CPU = Release|Any CPU
	EndGlobalSection
	GlobalSection(ProjectConfigurationPlatforms) = postSolution
		{CE4E4BCD-2CCD-412B-B199-DEDC3AA4CDDA}.Debug|Any CPU.ActiveCfg = Debug|Any CPU
		{CE4E4BCD-2CCD-412B-B199-DEDC3AA4CDDA}.Debug|Any CPU.Build.0 = Debug|Any CPU
		{CE4E4BCD-2CCD-412B-B199-DEDC3AA4CDDA}.Release|Any CPU.ActiveCfg = Release|Any CPU
		{CE4E4BCD-2CCD-412B-B199-DEDC3AA4CDDA}.Release|Any CPU.Build.0 = Release|Any CPU
	EndGlobalSection
	GlobalSection(SolutionProperties) = preSolution
		HideSolutionNode = FALSE
	EndGlobalSection
	GlobalSection(ExtensibilityGlobals) = postSolution
		SolutionGuid = {54F70C4E-5747-4CF0-8C5C-7E0A2F9E5125}
	EndGlobalSection
EndGlobal
